// !$*UTF8*$!
{
	archiveVersion = 1;
	classes = {
	};
	objectVersion = 46;
	objects = {

/* Begin PBXBuildFile section */
		93EBC261155896C70015BDE8 /* UIKit.framework in Frameworks */ = {isa = PBXBuildFile; fileRef = 93EBC260155896C70015BDE8 /* UIKit.framework */; };
		93EBC263155896C70015BDE8 /* Foundation.framework in Frameworks */ = {isa = PBXBuildFile; fileRef = 93EBC262155896C70015BDE8 /* Foundation.framework */; };
		93EBC265155896C70015BDE8 /* CoreGraphics.framework in Frameworks */ = {isa = PBXBuildFile; fileRef = 93EBC264155896C70015BDE8 /* CoreGraphics.framework */; };
		93EBC26B155896C70015BDE8 /* InfoPlist.strings in Resources */ = {isa = PBXBuildFile; fileRef = 93EBC269155896C70015BDE8 /* InfoPlist.strings */; };
		93EBC26D155896C70015BDE8 /* main.m in Sources */ = {isa = PBXBuildFile; fileRef = 93EBC26C155896C70015BDE8 /* main.m */; };
		93EBC271155896C70015BDE8 /* AppDelegate.m in Sources */ = {isa = PBXBuildFile; fileRef = 93EBC270155896C70015BDE8 /* AppDelegate.m */; };
		93EBC274155896C70015BDE8 /* ViewController.m in Sources */ = {isa = PBXBuildFile; fileRef = 93EBC273155896C70015BDE8 /* ViewController.m */; };
		93EBC277155896C70015BDE8 /* ViewController.xib in Resources */ = {isa = PBXBuildFile; fileRef = 93EBC275155896C70015BDE8 /* ViewController.xib */; };
/* End PBXBuildFile section */

/* Begin PBXFileReference section */
		93EBC25C155896C70015BDE8 /* CDSlideSelection.app */ = {isa = PBXFileReference; explicitFileType = wrapper.application; includeInIndex = 0; path = CDSlideSelection.app; sourceTree = BUILT_PRODUCTS_DIR; };
		93EBC260155896C70015BDE8 /* UIKit.framework */ = {isa = PBXFileReference; lastKnownFileType = wrapper.framework; name = UIKit.framework; path = System/Library/Frameworks/UIKit.framework; sourceTree = SDKROOT; };
		93EBC262155896C70015BDE8 /* Foundation.framework */ = {isa = PBXFileReference; lastKnownFileType = wrapper.framework; name = Foundation.framework; path = System/Library/Frameworks/Foundation.framework; sourceTree = SDKROOT; };
		93EBC264155896C70015BDE8 /* CoreGraphics.framework */ = {isa = PBXFileReference; lastKnownFileType = wrapper.framework; name = CoreGraphics.framework; path = System/Library/Frameworks/CoreGraphics.framework; sourceTree = SDKROOT; };
		93EBC268155896C70015BDE8 /* CDSlideSelection-Info.plist */ = {isa = PBXFileReference; path = "CDSlideSelection-Info.plist"; sourceTree = "<group>"; };
		93EBC26A155896C70015BDE8 /* en */ = {isa = PBXFileReference; lastKnownFileType = text.plist.strings; name = en; path = en.lproj/InfoPlist.strings; sourceTree = "<group>"; };
		93EBC26C155896C70015BDE8 /* main.m */ = {isa = PBXFileReference; lastKnownFileType = sourcecode.c.objc; path = main.m; sourceTree = "<group>"; };
		93EBC26E155896C70015BDE8 /* CDSlideSelection-Prefix.pch */ = {isa = PBXFileReference; path = "CDSlideSelection-Prefix.pch"; sourceTree = "<group>"; };
		93EBC26F155896C70015BDE8 /* AppDelegate.h */ = {isa = PBXFileReference; path = AppDelegate.h; sourceTree = "<group>"; };
		93EBC270155896C70015BDE8 /* AppDelegate.m */ = {isa = PBXFileReference; lastKnownFileType = sourcecode.c.objc; path = AppDelegate.m; sourceTree = "<group>"; };
		93EBC272155896C70015BDE8 /* ViewController.h */ = {isa = PBXFileReference; path = ViewController.h; sourceTree = "<group>"; };
		93EBC273155896C70015BDE8 /* ViewController.m */ = {isa = PBXFileReference; lastKnownFileType = sourcecode.c.objc; path = ViewController.m; sourceTree = "<group>"; };
		93EBC276155896C70015BDE8 /* en */ = {isa = PBXFileReference; lastKnownFileType = file.xib; name = en; path = en.lproj/ViewController.xib; sourceTree = "<group>"; };
/* End PBXFileReference section */

/* Begin PBXFrameworksBuildPhase section */
		93EBC259155896C70015BDE8 /* Frameworks */ = {
			isa = PBXFrameworksBuildPhase;
			buildActionMask = 2147483647;
			files = (
				93EBC261155896C70015BDE8 /* UIKit.framework in Frameworks */,
				93EBC263155896C70015BDE8 /* Foundation.framework in Frameworks */,
				93EBC265155896C70015BDE8 /* CoreGraphics.framework in Frameworks */,
			);
			runOnlyForDeploymentPostprocessing = 0;
		};
/* End PBXFrameworksBuildPhase section */

/* Begin PBXGroup section */
		93EBC251155896C60015BDE8 = {
			isa = PBXGroup;
			children = (
				93EBC266155896C70015BDE8 /* CDSlideSelection */,
				93EBC25F155896C70015BDE8 /* Frameworks */,
				93EBC25D155896C70015BDE8 /* Products */,
			);
			sourceTree = "<group>";
		};
		93EBC25D155896C70015BDE8 /* Products */ = {
			isa = PBXGroup;
			children = (
				93EBC25C155896C70015BDE8 /* CDSlideSelection.app */,
			);
			name = Products;
			sourceTree = "<group>";
		};
		93EBC25F155896C70015BDE8 /* Frameworks */ = {
			isa = PBXGroup;
			children = (
				93EBC260155896C70015BDE8 /* UIKit.framework */,
				93EBC262155896C70015BDE8 /* Foundation.framework */,
				93EBC264155896C70015BDE8 /* CoreGraphics.framework */,
			);
			name = Frameworks;
			sourceTree = "<group>";
		};
		93EBC266155896C70015BDE8 /* CDSlideSelection */ = {
			isa = PBXGroup;
			children = (
				93EBC26F155896C70015BDE8 /* AppDelegate.h */,
				93EBC270155896C70015BDE8 /* AppDelegate.m */,
				93EBC272155896C70015BDE8 /* ViewController.h */,
				93EBC273155896C70015BDE8 /* ViewController.m */,
				93EBC275155896C70015BDE8 /* ViewController.xib */,
				93EBC267155896C70015BDE8 /* Supporting Files */,
			);
			path = CDSlideSelection;
			sourceTree = "<group>";
		};
		93EBC267155896C70015BDE8 /* Supporting Files */ = {
			isa = PBXGroup;
			children = (
				93EBC268155896C70015BDE8 /* CDSlideSelection-Info.plist */,
				93EBC269155896C70015BDE8 /* InfoPlist.strings */,
				93EBC26C155896C70015BDE8 /* main.m */,
				93EBC26E155896C70015BDE8 /* CDSlideSelection-Prefix.pch */,
			);
			name = "Supporting Files";
			sourceTree = "<group>";
		};
/* End PBXGroup section */

/* Begin PBXNativeTarget section */
		93EBC25B155896C70015BDE8 /* CDSlideSelection */ = {
			isa = PBXNativeTarget;
			buildConfigurationList = 93EBC27A155896C70015BDE8 /* Build configuration list for PBXNativeTarget "CDSlideSelection" */;
			buildPhases = (
				93EBC258155896C70015BDE8 /* Sources */,
				93EBC259155896C70015BDE8 /* Frameworks */,
				93EBC25A155896C70015BDE8 /* Resources */,
			);
			buildRules = (
			);
			dependencies = (
			);
			name = CDSlideSelection;
			productName = CDSlideSelection;
			productReference = 93EBC25C155896C70015BDE8 /* CDSlideSelection.app */;
			productType = "com.apple.product-type.application";
		};
/* End PBXNativeTarget section */

/* Begin PBXProject section */
		93EBC253155896C60015BDE8 /* Project object */ = {
			isa = PBXProject;
			attributes = {
				LastUpgradeCheck = 0430;
			};
			buildConfigurationList = 93EBC256155896C60015BDE8 /* Build configuration list for PBXProject "CDSlideSelection" */;
			compatibilityVersion = "Xcode 3.2";
			developmentRegion = English;
			hasScannedForEncodings = 0;
			knownRegions = (
				en,
			);
			mainGroup = 93EBC251155896C60015BDE8;
			productRefGroup = 93EBC25D155896C70015BDE8 /* Products */;
			projectDirPath = "";
			projectRoot = "";
			targets = (
				93EBC25B155896C70015BDE8 /* CDSlideSelection */,
			);
		};
/* End PBXProject section */

/* Begin PBXResourcesBuildPhase section */
		93EBC25A155896C70015BDE8 /* Resources */ = {
			isa = PBXResourcesBuildPhase;
			buildActionMask = 2147483647;
			files = (
				93EBC26B155896C70015BDE8 /* InfoPlist.strings in Resources */,
				93EBC277155896C70015BDE8 /* ViewController.xib in Resources */,
			);
			runOnlyForDeploymentPostprocessing = 0;
		};
/* End PBXResourcesBuildPhase section */

/* Begin PBXSourcesBuildPhase section */
		93EBC258155896C70015BDE8 /* Sources */ = {
			isa = PBXSourcesBuildPhase;
			buildActionMask = 2147483647;
			files = (
				93EBC26D155896C70015BDE8 /* main.m in Sources */,
				93EBC271155896C70015BDE8 /* AppDelegate.m in Sources */,
				93EBC274155896C70015BDE8 /* ViewController.m in Sources */,
			);
			runOnlyForDeploymentPostprocessing = 0;
		};
/* End PBXSourcesBuildPhase section */

/* Begin PBXVariantGroup section */
		93EBC269155896C70015BDE8 /* InfoPlist.strings */ = {
			isa = PBXVariantGroup;
			children = (
				93EBC26A155896C70015BDE8 /* en */,
			);
			name = InfoPlist.strings;
			sourceTree = "<group>";
		};
		93EBC275155896C70015BDE8 /* ViewController.xib */ = {
			isa = PBXVariantGroup;
			children = (
				93EBC276155896C70015BDE8 /* en */,
			);
			name = ViewController.xib;
			sourceTree = "<group>";
		};
/* End PBXVariantGroup section */

/* Begin XCBuildConfiguration section */
		93EBC278155896C70015BDE8 /* Debug */ = {
			isa = XCBuildConfiguration;
			buildSettings = {
				ALWAYS_SEARCH_USER_PATHS = NO;
				ARCHS = "$(ARCHS_STANDARD_32_BIT)";
				"CODE_SIGN_IDENTITY[sdk=iphoneos*]" = "iPhone Developer";
				COPY_PHASE_STRIP = NO;
				GCC_C_LANGUAGE_STANDARD = gnu99;
				GCC_DYNAMIC_NO_PIC = NO;
				GCC_OPTIMIZATION_LEVEL = 0;
				GCC_PREPROCESSOR_DEFINITIONS = (
					"DEBUG=1",
					"$(inherited)",
				);
				GCC_SYMBOLS_PRIVATE_EXTERN = NO;
				GCC_VERSION = com.apple.compilers.llvm.clang.1_0;
				GCC_WARN_ABOUT_RETURN_TYPE = YES;
				GCC_WARN_UNINITIALIZED_AUTOS = YES;
				GCC_WARN_UNUSED_VARIABLE = YES;
				IPHONEOS_DEPLOYMENT_TARGET = 5.1;
				SDKROOT = iphoneos;
				TARGETED_DEVICE_FAMILY = 2;
			};
			name = Debug;
		};
		93EBC279155896C70015BDE8 /* Release */ = {
			isa = XCBuildConfiguration;
			buildSettings = {
				ALWAYS_SEARCH_USER_PATHS = NO;
				ARCHS = "$(ARCHS_STANDARD_32_BIT)";
				"CODE_SIGN_IDENTITY[sdk=iphoneos*]" = "iPhone Developer";
				COPY_PHASE_STRIP = YES;
				GCC_C_LANGUAGE_STANDARD = gnu99;
				GCC_VERSION = com.apple.compilers.llvm.clang.1_0;
				GCC_WARN_ABOUT_RETURN_TYPE = YES;
				GCC_WARN_UNINITIALIZED_AUTOS = YES;
				GCC_WARN_UNUSED_VARIABLE = YES;
				IPHONEOS_DEPLOYMENT_TARGET = 5.1;
				OTHER_CFLAGS = "-DNS_BLOCK_ASSERTIONS=1";
				SDKROOT = iphoneos;
				TARGETED_DEVICE_FAMILY = 2;
				VALIDATE_PRODUCT = YES;
			};
			name = Release;
		};
		93EBC27B155896C70015BDE8 /* Debug */ = {
			isa = XCBuildConfiguration;
			buildSettings = {
				GCC_PRECOMPILE_PREFIX_HEADER = YES;
				GCC_PREFIX_HEADER = "CDSlideSelection/CDSlideSelection-Prefix.pch";
				INFOPLIST_FILE = "CDSlideSelection/CDSlideSelection-Info.plist";
				PRODUCT_NAME = "$(TARGET_NAME)";
				WRAPPER_EXTENSION = app;
			};
			name = Debug;
		};
		93EBC27C155896C70015BDE8 /* Release */ = {
			isa = XCBuildConfiguration;
			buildSettings = {
				GCC_PRECOMPILE_PREFIX_HEADER = YES;
				GCC_PREFIX_HEADER = "CDSlideSelection/CDSlideSelection-Prefix.pch";
				INFOPLIST_FILE = "CDSlideSelection/CDSlideSelection-Info.plist";
				PRODUCT_NAME = "$(TARGET_NAME)";
				WRAPPER_EXTENSION = app;
			};
			name = Release;
		};
/* End XCBuildConfiguration section */

/* Begin XCConfigurationList section */
		93EBC256155896C60015BDE8 /* Build configuration list for PBXProject "CDSlideSelection" */ = {
			isa = XCConfigurationList;
			buildConfigurations = (
				93EBC278155896C70015BDE8 /* Debug */,
				93EBC279155896C70015BDE8 /* Release */,
			);
			defaultConfigurationIsVisible = 0;
			defaultConfigurationName = Release;
		};
		93EBC27A155896C70015BDE8 /* Build configuration list for PBXNativeTarget "CDSlideSelection" */ = {
			isa = XCConfigurationList;
			buildConfigurations = (
				93EBC27B155896C70015BDE8 /* Debug */,
				93EBC27C155896C70015BDE8 /* Release */,
			);
			defaultConfigurationIsVisible = 0;
		};
/* End XCConfigurationList section */
	};
	rootObject = 93EBC253155896C60015BDE8 /* Project object */;
}
